
Microsoft Visual Studio Solution File, Format Version 12.00
# Visual Studio Version 17
VisualStudioVersion = 17.9.34714.143
MinimumVisualStudioVersion = 10.0.40219.1
Project("{FAE04EC0-301F-11D3-BF4B-00C04F79EFBC}") = "Praktine_uzd_3", "Praktine_uzd_3.csproj", "{821FE50D-3BF7-47C5-A1D4-8AFAFBCB7064}"
EndProject
Global
	GlobalSection(SolutionConfigurationPlatforms) = preSolution
		Debug|Any CPU = Debug|Any CPU
		Release|Any CPU = Release|Any CPU
	EndGlobalSection
	GlobalSection(ProjectConfigurationPlatforms) = postSolution
		{821FE50D-3BF7-47C5-A1D4-8AFAFBCB7064}.Debug|Any CPU.ActiveCfg = Debug|Any CPU
		{821FE50D-3BF7-47C5-A1D4-8AFAFBCB7064}.Debug|Any CPU.Build.0 = Debug|Any CPU
		{821FE50D-3BF7-47C5-A1D4-8AFAFBCB7064}.Release|Any CPU.ActiveCfg = Release|Any CPU
		{821FE50D-3BF7-47C5-A1D4-8AFAFBCB7064}.Release|Any CPU.Build.0 = Release|Any CPU
	EndGlobalSection
	GlobalSection(SolutionProperties) = preSolution
		HideSolutionNode = FALSE
	EndGlobalSection
	GlobalSection(ExtensibilityGlobals) = postSolution
		SolutionGuid = {E1CA8F53-ACFC-462E-A2C1-A8A034B68DC1}
	EndGlobalSection
EndGlobal
